
Microsoft Visual Studio Solution File, Format Version 12.00
# Visual Studio Version 16
VisualStudioVersion = 16.0.29209.62
MinimumVisualStudioVersion = 10.0.40219.1
Project("{FAE04EC0-301F-11D3-BF4B-00C04F79EFBC}") = "TodoNew", "TodoNew.csproj", "{A114B6ED-BD2C-4FAD-9FD9-0E78D01AF937}"
EndProject
Global
	GlobalSection(SolutionConfigurationPlatforms) = preSolution
		Debug|Any CPU = Debug|Any CPU
		Release|Any CPU = Release|Any CPU
	EndGlobalSection
	GlobalSection(ProjectConfigurationPlatforms) = postSolution
		{A114B6ED-BD2C-4FAD-9FD9-0E78D01AF937}.Debug|Any CPU.ActiveCfg = Debug|Any CPU
		{A114B6ED-BD2C-4FAD-9FD9-0E78D01AF937}.Debug|Any CPU.Build.0 = Debug|Any CPU
		{A114B6ED-BD2C-4FAD-9FD9-0E78D01AF937}.Release|Any CPU.ActiveCfg = Release|Any CPU
		{A114B6ED-BD2C-4FAD-9FD9-0E78D01AF937}.Release|Any CPU.Build.0 = Release|Any CPU
	EndGlobalSection
	GlobalSection(SolutionProperties) = preSolution
		HideSolutionNode = FALSE
	EndGlobalSection
	GlobalSection(ExtensibilityGlobals) = postSolution
		SolutionGuid = {32C5D5A3-3033-4535-9A0A-62485B34B671}
	EndGlobalSection
EndGlobal
